github.com/go-gl/gl v0.0.0-20190320180904-bf2b1f2f34d7 h1:SCYMcCJ89LjRGwEa0tRluNRiMjZHalQZrVrvTbPh+qw=
github.com/go-gl/gl v0.0.0-20190320180904-bf2b1f2f34d7/go.mod h1:482civXOzJJCPzJ4ZOX/pwvXBWSnzD4OKMdH4ClKGbk=
github.com/go-gl/glfw v0.0.0-20190409004039-e6da0acd62b1 h1:QbL/5oDUmRBzO9/Z7Seo6zf912W/a6Sr4Eu0G/3Jho0=
github.com/go-gl/glfw v0.0.0-20190409004039-e6da0acd62b1/go.mod h1:vR7hzQXu2zJy9AVAgeJqvqgH9Q5CA+iKCZ2gyEVpxRU=
github.com/go-gl/mathgl v0.0.0-20190415092908-39e6cc4dcc59 h1:2I4KRlwcAwIpO5wSyrsIaJYRH6ef/UecJyA5ffVbRyE=
github.com/go-gl/mathgl v0.0.0-20190415092908-39e6cc4dcc59/go.mod h1:yhpkQzEiH9yPyxDUGzkmgScbaBVlhC06qodikEM0ZwQ=
github.com/go-gl/mathgl v0.0.0-20190416160123-c4601bc793c7 h1:THttjeRn1iiz69E875U6gAik8KTWk/JYAHoSVpUxBBI=
github.com/vulkan-go/asche v0.0.0-20180829094422-80bb1ffa728a h1:jyRdhX+/Fvuv5zNod60X1MKvkCy/XGCyNkcyJ7GnZaU=
github.com/vulkan-go/asche v0.0.0-20180829094422-80bb1ffa728a/go.mod h1:fIbNY6YffQRtdF22h26OXRprI/BGOWPKlxJWtNC78OA=
github.com/vulkan-go/demos v0.0.0-20190321114819-13622f8f3baa h1:XXJu08CZgQ+mqtFYJINHBf2Jiya2s1S/KC6LBQSZzMQ=
github.com/vulkan-go/demos v0.0.0-20190321114819-13622f8f3baa/go.mod h1:lszyAS4GLnwTRC1Nk+lgi9kipWbis9iRwtjRRyORCJs=
github.com/vulkan-go/glfw v0.0.0-20180930191036-cac57eedc4a5 h1:m2ubjBfoVgaHlyMAeZZYetN8HKDv+BQBgmbMN3XIMjY=
github.com/vulkan-go/glfw v0.0.0-20180930191036-cac57eedc4a5/go.mod h1:qui9jo5J26j9fXv2x3bySGThxYkQZt4SgsPIZRtZAbQ=
github.com/vulkan-go/vulkan v0.0.0-20181015060211-df48e8cc1538 h1:mS2FkUtbSHJ3Nd3TUlX88zQa5XsyUNFZ+BRD7ZwWkUI=
github.com/vulkan-go/vulkan v0.0.0-20181015060211-df48e8cc1538/go.mod h1:X6Qqg0j5A5cYHhFXUOl6TL/vYdyh/ajvyCvh+sEHQFI=
github.com/xlab/closer v0.0.0-20190328110542-03326addb7c2 h1:LPYwXwwHigHHFX3SFa9W9zBIa5reyaLJos2e95eHh68=
github.com/xlab/closer v0.0.0-20190328110542-03326addb7c2/go.mod h1:Y8IYP9aVODN3Vnw1FCqygCG5IWyYBeBlZqQ5aX+fHFw=
github.com/xlab/linmath v0.0.0-20170502193301-512668b827be h1:J/lWrXhpS1n3HRy18iqZnIhQqGSrvKnXQpVRNG5rKqM=
github.com/xlab/linmath v0.0.0-20170502193301-512668b827be/go.mod h1:fgIYDv0Jdzzt+7Us/LdHhBL5N7xqDoj7Jgyf9da1mH4=
golang.org/x/image v0.0.0-20190321063152-3fc05d484e9f h1:FO4MZ3N56GnxbqxGKqh+YTzUWQ2sDwtFQEZgLOxh9Jc=
golang.org/x/image v0.0.0-20190321063152-3fc05d484e9f/go.mod h1:kZ7UVZpmo3dzQBMxlp+ypCbDeSB+sBbTgSJuh5dn5js=
golang.org/x/text v0.3.0/go.mod h1:NqM8EUOU14njkJ3fqMW+pc6Ldnwhi/IjpwHt7yyuwOQ=
